
Microsoft Visual Studio Solution File, Format Version 12.00
# Visual Studio Version 17
VisualStudioVersion = 17.7.34024.191
MinimumVisualStudioVersion = 10.0.40219.1
Project("{9A19103F-16F7-4668-BE54-9A1E7A4F7556}") = "BucStop", "BucStop\BucStop.csproj", "{1F30B091-BD9E-44E5-B075-3930E85838D6}"
EndProject
Project("{FAE04EC0-301F-11D3-BF4B-00C04F79EFBC}") = "APIGateway", "..\Team-3-BucStop_APIGateway\APIGateway\APIGateway.csproj", "{475EF0B7-5FD2-DF1E-44F6-DB788B03D2D8}"
EndProject
Project("{FAE04EC0-301F-11D3-BF4B-00C04F79EFBC}") = "Snake", "..\Team-3-BucStop_Snake\Snake\Snake.csproj", "{34DB56E6-7D75-8D2B-DB4D-1E5E8415CE6D}"
EndProject
Project("{FAE04EC0-301F-11D3-BF4B-00C04F79EFBC}") = "Tetris", "..\Team-3-BucStop_Tetris\Tetris\Tetris.csproj", "{EB6BD35D-4AB7-E050-0D08-66A526800E0A}"
EndProject
Project("{FAE04EC0-301F-11D3-BF4B-00C04F79EFBC}") = "Pong", "..\Team-3-BucStop_Pong\Pong\Pong.csproj", "{544F6AED-B85B-00C3-3391-E421D82C6C1F}"
EndProject
Project("{FAE04EC0-301F-11D3-BF4B-00C04F79EFBC}") = "BucKart", "..\Team-3-BucStop_BucKart\BucKart\BucKart.csproj", "{66B6A6D6-53E2-D60D-C87E-27096851A157}"
EndProject
Global
	GlobalSection(SolutionConfigurationPlatforms) = preSolution
		Debug|Any CPU = Debug|Any CPU
		Release|Any CPU = Release|Any CPU
	EndGlobalSection
	GlobalSection(ProjectConfigurationPlatforms) = postSolution
		{1F30B091-BD9E-44E5-B075-3930E85838D6}.Debug|Any CPU.ActiveCfg = Debug|Any CPU
		{1F30B091-BD9E-44E5-B075-3930E85838D6}.Debug|Any CPU.Build.0 = Debug|Any CPU
		{1F30B091-BD9E-44E5-B075-3930E85838D6}.Release|Any CPU.ActiveCfg = Release|Any CPU
		{1F30B091-BD9E-44E5-B075-3930E85838D6}.Release|Any CPU.Build.0 = Release|Any CPU
		{475EF0B7-5FD2-DF1E-44F6-DB788B03D2D8}.Debug|Any CPU.ActiveCfg = Debug|Any CPU
		{475EF0B7-5FD2-DF1E-44F6-DB788B03D2D8}.Debug|Any CPU.Build.0 = Debug|Any CPU
		{475EF0B7-5FD2-DF1E-44F6-DB788B03D2D8}.Release|Any CPU.ActiveCfg = Release|Any CPU
		{475EF0B7-5FD2-DF1E-44F6-DB788B03D2D8}.Release|Any CPU.Build.0 = Release|Any CPU
		{34DB56E6-7D75-8D2B-DB4D-1E5E8415CE6D}.Debug|Any CPU.ActiveCfg = Debug|Any CPU
		{34DB56E6-7D75-8D2B-DB4D-1E5E8415CE6D}.Debug|Any CPU.Build.0 = Debug|Any CPU
		{34DB56E6-7D75-8D2B-DB4D-1E5E8415CE6D}.Release|Any CPU.ActiveCfg = Release|Any CPU
		{34DB56E6-7D75-8D2B-DB4D-1E5E8415CE6D}.Release|Any CPU.Build.0 = Release|Any CPU
		{EB6BD35D-4AB7-E050-0D08-66A526800E0A}.Debug|Any CPU.ActiveCfg = Debug|Any CPU
		{EB6BD35D-4AB7-E050-0D08-66A526800E0A}.Debug|Any CPU.Build.0 = Debug|Any CPU
		{EB6BD35D-4AB7-E050-0D08-66A526800E0A}.Release|Any CPU.ActiveCfg = Release|Any CPU
		{EB6BD35D-4AB7-E050-0D08-66A526800E0A}.Release|Any CPU.Build.0 = Release|Any CPU
		{544F6AED-B85B-00C3-3391-E421D82C6C1F}.Debug|Any CPU.ActiveCfg = Debug|Any CPU
		{544F6AED-B85B-00C3-3391-E421D82C6C1F}.Debug|Any CPU.Build.0 = Debug|Any CPU
		{544F6AED-B85B-00C3-3391-E421D82C6C1F}.Release|Any CPU.ActiveCfg = Release|Any CPU
		{544F6AED-B85B-00C3-3391-E421D82C6C1F}.Release|Any CPU.Build.0 = Release|Any CPU
		{66B6A6D6-53E2-D60D-C87E-27096851A157}.Debug|Any CPU.ActiveCfg = Debug|Any CPU
		{66B6A6D6-53E2-D60D-C87E-27096851A157}.Debug|Any CPU.Build.0 = Debug|Any CPU
		{66B6A6D6-53E2-D60D-C87E-27096851A157}.Release|Any CPU.ActiveCfg = Release|Any CPU
		{66B6A6D6-53E2-D60D-C87E-27096851A157}.Release|Any CPU.Build.0 = Release|Any CPU
	EndGlobalSection
	GlobalSection(SolutionProperties) = preSolution
		HideSolutionNode = FALSE
	EndGlobalSection
	GlobalSection(ExtensibilityGlobals) = postSolution
		SolutionGuid = {43C655F1-7E0F-4261-8C6D-BDE317074979}
	EndGlobalSection
EndGlobal
